
Microsoft Visual Studio Solution File, Format Version 12.00
# Visual Studio 15
VisualStudioVersion = 15.0.27130.2036
MinimumVisualStudioVersion = 10.0.40219.1
Project("{FAE04EC0-301F-11D3-BF4B-00C04F79EFBC}") = "AcademyHomework2", "AcademyHomework2\AcademyHomework2.csproj", "{8AB0776C-49F9-4680-A8CC-077EBB1286DF}"
EndProject
Global
	GlobalSection(SolutionConfigurationPlatforms) = preSolution
		Debug|Any CPU = Debug|Any CPU
		Release|Any CPU = Release|Any CPU
	EndGlobalSection
	GlobalSection(ProjectConfigurationPlatforms) = postSolution
		{8AB0776C-49F9-4680-A8CC-077EBB1286DF}.Debug|Any CPU.ActiveCfg = Debug|Any CPU
		{8AB0776C-49F9-4680-A8CC-077EBB1286DF}.Debug|Any CPU.Build.0 = Debug|Any CPU
		{8AB0776C-49F9-4680-A8CC-077EBB1286DF}.Release|Any CPU.ActiveCfg = Release|Any CPU
		{8AB0776C-49F9-4680-A8CC-077EBB1286DF}.Release|Any CPU.Build.0 = Release|Any CPU
	EndGlobalSection
	GlobalSection(SolutionProperties) = preSolution
		HideSolutionNode = FALSE
	EndGlobalSection
	GlobalSection(ExtensibilityGlobals) = postSolution
		SolutionGuid = {90D650B3-82DF-4375-868C-3E1BD0A2A3CD}
	EndGlobalSection
EndGlobal
